// !$*UTF8*$!
{
	archiveVersion = 1;
	classes = {
	};
	objectVersion = 77;
	objects = {

/* Begin PBXContainerItemProxy section */
		F8B3FD682E24109600870BF7 /* PBXContainerItemProxy */ = {
			isa = PBXContainerItemProxy;
			containerPortal = F8B3FD522E24109500870BF7 /* Project object */;
			proxyType = 1;
			remoteGlobalIDString = F8B3FD592E24109500870BF7;
			remoteInfo = "expense-tracker-mobile";
		};
		F8B3FD722E24109600870BF7 /* PBXContainerItemProxy */ = {
			isa = PBXContainerItemProxy;
			containerPortal = F8B3FD522E24109500870BF7 /* Project object */;
			proxyType = 1;
			remoteGlobalIDString = F8B3FD592E24109500870BF7;
			remoteInfo = "expense-tracker-mobile";
		};
/* End PBXContainerItemProxy section */

/* Begin PBXFileReference section */
		F8247C122E529BD600111D4F /* expense-tracker-mobile.app */ = {isa = PBXFileReference; explicitFileType = wrapper.application; includeInIndex = 0; path = "expense-tracker-mobile.app"; sourceTree = BUILT_PRODUCTS_DIR; };
		F8247C132E529BD600111D4F /* expense-tracker-mobileTests.xctest */ = {isa = PBXFileReference; explicitFileType = wrapper.cfbundle; includeInIndex = 0; path = "expense-tracker-mobileTests.xctest"; sourceTree = BUILT_PRODUCTS_DIR; };
		F8247C142E529BD600111D4F /* expense-tracker-mobileUITests.xctest */ = {isa = PBXFileReference; explicitFileType = wrapper.cfbundle; includeInIndex = 0; path = "expense-tracker-mobileUITests.xctest"; sourceTree = BUILT_PRODUCTS_DIR; };
/* End PBXFileReference section */

/* Begin PBXFileSystemSynchronizedRootGroup section */
		F8B3FD5C2E24109500870BF7 /* expense-tracker-mobile */ = {
			isa = PBXFileSystemSynchronizedRootGroup;
			path = "expense-tracker-mobile";
			sourceTree = "<group>";
		};
		F8B3FD6A2E24109600870BF7 /* expense-tracker-mobileTests */ = {
			isa = PBXFileSystemSynchronizedRootGroup;
			path = "expense-tracker-mobileTests";
			sourceTree = "<group>";
		};
		F8B3FD742E24109600870BF7 /* expense-tracker-mobileUITests */ = {
			isa = PBXFileSystemSynchronizedRootGroup;
			path = "expense-tracker-mobileUITests";
			sourceTree = "<group>";
		};
/* End PBXFileSystemSynchronizedRootGroup section */

/* Begin PBXFrameworksBuildPhase section */
		F8B3FD572E24109500870BF7 /* Frameworks */ = {
			isa = PBXFrameworksBuildPhase;
			buildActionMask = 2147483647;
			files = (
			);
			runOnlyForDeploymentPostprocessing = 0;
		};
		F8B3FD642E24109600870BF7 /* Frameworks */ = {
			isa = PBXFrameworksBuildPhase;
			buildActionMask = 2147483647;
			files = (
			);
			runOnlyForDeploymentPostprocessing = 0;
		};
		F8B3FD6E2E24109600870BF7 /* Frameworks */ = {
			isa = PBXFrameworksBuildPhase;
			buildActionMask = 2147483647;
			files = (
			);
			runOnlyForDeploymentPostprocessing = 0;
		};
/* End PBXFrameworksBuildPhase section */

/* Begin PBXGroup section */
		F8B3FD512E24109500870BF7 = {
			isa = PBXGroup;
			children = (
				F8B3FD5C2E24109500870BF7 /* expense-tracker-mobile */,
				F8B3FD6A2E24109600870BF7 /* expense-tracker-mobileTests */,
				F8B3FD742E24109600870BF7 /* expense-tracker-mobileUITests */,
				F8247C122E529BD600111D4F /* expense-tracker-mobile.app */,
				F8247C132E529BD600111D4F /* expense-tracker-mobileTests.xctest */,
				F8247C142E529BD600111D4F /* expense-tracker-mobileUITests.xctest */,
			);
			sourceTree = "<group>";
		};
/* End PBXGroup section */

/* Begin PBXNativeTarget section */
		F8B3FD592E24109500870BF7 /* expense-tracker-mobile */ = {
			isa = PBXNativeTarget;
			buildConfigurationList = F8B3FD7B2E24109600870BF7 /* Build configuration list for PBXNativeTarget "expense-tracker-mobile" */;
			buildPhases = (
				F8B3FD562E24109500870BF7 /* Sources */,
				F8B3FD572E24109500870BF7 /* Frameworks */,
				F8B3FD582E24109500870BF7 /* Resources */,
			);
			buildRules = (
			);
			dependencies = (
			);
			fileSystemSynchronizedGroups = (
				F8B3FD5C2E24109500870BF7 /* expense-tracker-mobile */,
			);
			name = "expense-tracker-mobile";
			packageProductDependencies = (
			);
			productName = "expense-tracker-mobile";
			productReference = F8247C122E529BD600111D4F /* expense-tracker-mobile.app */;
			productType = "com.apple.product-type.application";
		};
		F8B3FD662E24109600870BF7 /* expense-tracker-mobileTests */ = {
			isa = PBXNativeTarget;
			buildConfigurationList = F8B3FD7E2E24109600870BF7 /* Build configuration list for PBXNativeTarget "expense-tracker-mobileTests" */;
			buildPhases = (
				F8B3FD632E24109600870BF7 /* Sources */,
				F8B3FD642E24109600870BF7 /* Frameworks */,
				F8B3FD652E24109600870BF7 /* Resources */,
			);
			buildRules = (
			);
			dependencies = (
				F8B3FD692E24109600870BF7 /* PBXTargetDependency */,
			);
			fileSystemSynchronizedGroups = (
				F8B3FD6A2E24109600870BF7 /* expense-tracker-mobileTests */,
			);
			name = "expense-tracker-mobileTests";
			packageProductDependencies = (
			);
			productName = "expense-tracker-mobileTests";
			productReference = F8247C132E529BD600111D4F /* expense-tracker-mobileTests.xctest */;
			productType = "com.apple.product-type.bundle.unit-test";
		};
		F8B3FD702E24109600870BF7 /* expense-tracker-mobileUITests */ = {
			isa = PBXNativeTarget;
			buildConfigurationList = F8B3FD812E24109600870BF7 /* Build configuration list for PBXNativeTarget "expense-tracker-mobileUITests" */;
			buildPhases = (
				F8B3FD6D2E24109600870BF7 /* Sources */,
				F8B3FD6E2E24109600870BF7 /* Frameworks */,
				F8B3FD6F2E24109600870BF7 /* Resources */,
			);
			buildRules = (
			);
			dependencies = (
				F8B3FD732E24109600870BF7 /* PBXTargetDependency */,
			);
			fileSystemSynchronizedGroups = (
				F8B3FD742E24109600870BF7 /* expense-tracker-mobileUITests */,
			);
			name = "expense-tracker-mobileUITests";
			packageProductDependencies = (
			);
			productName = "expense-tracker-mobileUITests";
			productReference = F8247C142E529BD600111D4F /* expense-tracker-mobileUITests.xctest */;
			productType = "com.apple.product-type.bundle.ui-testing";
		};
/* End PBXNativeTarget section */

/* Begin PBXProject section */
		F8B3FD522E24109500870BF7 /* Project object */ = {
			isa = PBXProject;
			attributes = {
				BuildIndependentTargetsInParallel = 1;
				LastSwiftUpdateCheck = 1640;
				LastUpgradeCheck = 1640;
				TargetAttributes = {
					F8B3FD592E24109500870BF7 = {
						CreatedOnToolsVersion = 16.4;
					};
					F8B3FD662E24109600870BF7 = {
						CreatedOnToolsVersion = 16.4;
						TestTargetID = F8B3FD592E24109500870BF7;
					};
					F8B3FD702E24109600870BF7 = {
						CreatedOnToolsVersion = 16.4;
						TestTargetID = F8B3FD592E24109500870BF7;
					};
				};
			};
			buildConfigurationList = F8B3FD552E24109500870BF7 /* Build configuration list for PBXProject "expense-tracker-mobile" */;
			developmentRegion = en;
			hasScannedForEncodings = 0;
			knownRegions = (
				en,
				Base,
			);
			mainGroup = F8B3FD512E24109500870BF7;
			minimizedProjectReferenceProxies = 1;
			packageReferences = (
				F8247C492E52A69A00111D4F /* XCRemoteSwiftPackageReference "Auth0" */,
			);
			preferredProjectObjectVersion = 77;
			productRefGroup = F8B3FD512E24109500870BF7;
			projectDirPath = "";
			projectRoot = "";
			targets = (
				F8B3FD592E24109500870BF7 /* expense-tracker-mobile */,
				F8B3FD662E24109600870BF7 /* expense-tracker-mobileTests */,
				F8B3FD702E24109600870BF7 /* expense-tracker-mobileUITests */,
			);
		};
/* End PBXProject section */

/* Begin PBXResourcesBuildPhase section */
		F8B3FD582E24109500870BF7 /* Resources */ = {
			isa = PBXResourcesBuildPhase;
			buildActionMask = 2147483647;
			files = (
			);
			runOnlyForDeploymentPostprocessing = 0;
		};
		F8B3FD652E24109600870BF7 /* Resources */ = {
			isa = PBXResourcesBuildPhase;
			buildActionMask = 2147483647;
			files = (
			);
			runOnlyForDeploymentPostprocessing = 0;
		};
		F8B3FD6F2E24109600870BF7 /* Resources */ = {
			isa = PBXResourcesBuildPhase;
			buildActionMask = 2147483647;
			files = (
			);
			runOnlyForDeploymentPostprocessing = 0;
		};
/* End PBXResourcesBuildPhase section */

/* Begin PBXSourcesBuildPhase section */
		F8B3FD562E24109500870BF7 /* Sources */ = {
			isa = PBXSourcesBuildPhase;
			buildActionMask = 2147483647;
			files = (
			);
			runOnlyForDeploymentPostprocessing = 0;
		};
		F8B3FD632E24109600870BF7 /* Sources */ = {
			isa = PBXSourcesBuildPhase;
			buildActionMask = 2147483647;
			files = (
			);
			runOnlyForDeploymentPostprocessing = 0;
		};
		F8B3FD6D2E24109600870BF7 /* Sources */ = {
			isa = PBXSourcesBuildPhase;
			buildActionMask = 2147483647;
			files = (
			);
			runOnlyForDeploymentPostprocessing = 0;
		};
/* End PBXSourcesBuildPhase section */

/* Begin PBXTargetDependency section */
		F8B3FD692E24109600870BF7 /* PBXTargetDependency */ = {
			isa = PBXTargetDependency;
			target = F8B3FD592E24109500870BF7 /* expense-tracker-mobile */;
			targetProxy = F8B3FD682E24109600870BF7 /* PBXContainerItemProxy */;
		};
		F8B3FD732E24109600870BF7 /* PBXTargetDependency */ = {
			isa = PBXTargetDependency;
			target = F8B3FD592E24109500870BF7 /* expense-tracker-mobile */;
			targetProxy = F8B3FD722E24109600870BF7 /* PBXContainerItemProxy */;
		};
/* End PBXTargetDependency section */

/* Begin XCBuildConfiguration section */
		F8B3FD792E24109600870BF7 /* Debug */ = {
			isa = XCBuildConfiguration;
			buildSettings = {
				ALWAYS_SEARCH_USER_PATHS = NO;
				ASSETCATALOG_COMPILER_GENERATE_SWIFT_ASSET_SYMBOL_EXTENSIONS = YES;
				CLANG_ANALYZER_NONNULL = YES;
				CLANG_ANALYZER_NUMBER_OBJECT_CONVERSION = YES_AGGRESSIVE;
				CLANG_CXX_LANGUAGE_STANDARD = "gnu++20";
				CLANG_ENABLE_MODULES = YES;
				CLANG_ENABLE_OBJC_ARC = YES;
				CLANG_ENABLE_OBJC_WEAK = YES;
				CLANG_WARN_BLOCK_CAPTURE_AUTORELEASING = YES;
				CLANG_WARN_BOOL_CONVERSION = YES;
				CLANG_WARN_COMMA = YES;
				CLANG_WARN_CONSTANT_CONVERSION = YES;
				CLANG_WARN_DEPRECATED_OBJC_IMPLEMENTATIONS = YES;
				CLANG_WARN_DIRECT_OBJC_ISA_USAGE = YES_ERROR;
				CLANG_WARN_DOCUMENTATION_COMMENTS = YES;
				CLANG_WARN_EMPTY_BODY = YES;
				CLANG_WARN_ENUM_CONVERSION = YES;
				CLANG_WARN_INFINITE_RECURSION = YES;
				CLANG_WARN_INT_CONVERSION = YES;
				CLANG_WARN_NON_LITERAL_NULL_CONVERSION = YES;
				CLANG_WARN_OBJC_IMPLICIT_RETAIN_SELF = YES;
				CLANG_WARN_OBJC_LITERAL_CONVERSION = YES;
				CLANG_WARN_OBJC_ROOT_CLASS = YES_ERROR;
				CLANG_WARN_QUOTED_INCLUDE_IN_FRAMEWORK_HEADER = YES;
				CLANG_WARN_RANGE_LOOP_ANALYSIS = YES;
				CLANG_WARN_STRICT_PROTOTYPES = YES;
				CLANG_WARN_SUSPICIOUS_MOVE = YES;
				CLANG_WARN_UNGUARDED_AVAILABILITY = YES_AGGRESSIVE;
				CLANG_WARN_UNREACHABLE_CODE = YES;
				CLANG_WARN__DUPLICATE_METHOD_MATCH = YES;
				COPY_PHASE_STRIP = NO;
				DEBUG_INFORMATION_FORMAT = dwarf;
				DEVELOPMENT_TEAM = F28BHNZ7D8;
				ENABLE_STRICT_OBJC_MSGSEND = YES;
				ENABLE_TESTABILITY = YES;
				ENABLE_USER_SCRIPT_SANDBOXING = YES;
				GCC_C_LANGUAGE_STANDARD = gnu17;
				GCC_DYNAMIC_NO_PIC = NO;
				GCC_NO_COMMON_BLOCKS = YES;
				GCC_OPTIMIZATION_LEVEL = 0;
				GCC_PREPROCESSOR_DEFINITIONS = (
					"DEBUG=1",
					"$(inherited)",
				);
				GCC_WARN_64_TO_32_BIT_CONVERSION = YES;
				GCC_WARN_ABOUT_RETURN_TYPE = YES_ERROR;
				GCC_WARN_UNDECLARED_SELECTOR = YES;
				GCC_WARN_UNINITIALIZED_AUTOS = YES_AGGRESSIVE;
				GCC_WARN_UNUSED_FUNCTION = YES;
				GCC_WARN_UNUSED_VARIABLE = YES;
				IPHONEOS_DEPLOYMENT_TARGET = 18.5;
				LOCALIZATION_PREFERS_STRING_CATALOGS = YES;
				MTL_ENABLE_DEBUG_INFO = INCLUDE_SOURCE;
				MTL_FAST_MATH = YES;
				ONLY_ACTIVE_ARCH = YES;
				SDKROOT = iphoneos;
				SWIFT_ACTIVE_COMPILATION_CONDITIONS = "DEBUG $(inherited)";
				SWIFT_OPTIMIZATION_LEVEL = "-Onone";
			};
			name = Debug;
		};
		F8B3FD7A2E24109600870BF7 /* Release */ = {
			isa = XCBuildConfiguration;
			buildSettings = {
				ALWAYS_SEARCH_USER_PATHS = NO;
				ASSETCATALOG_COMPILER_GENERATE_SWIFT_ASSET_SYMBOL_EXTENSIONS = YES;
				CLANG_ANALYZER_NONNULL = YES;
				CLANG_ANALYZER_NUMBER_OBJECT_CONVERSION = YES_AGGRESSIVE;
				CLANG_CXX_LANGUAGE_STANDARD = "gnu++20";
				CLANG_ENABLE_MODULES = YES;
				CLANG_ENABLE_OBJC_ARC = YES;
				CLANG_ENABLE_OBJC_WEAK = YES;
				CLANG_WARN_BLOCK_CAPTURE_AUTORELEASING = YES;
				CLANG_WARN_BOOL_CONVERSION = YES;
				CLANG_WARN_COMMA = YES;
				CLANG_WARN_CONSTANT_CONVERSION = YES;
				CLANG_WARN_DEPRECATED_OBJC_IMPLEMENTATIONS = YES;
				CLANG_WARN_DIRECT_OBJC_ISA_USAGE = YES_ERROR;
				CLANG_WARN_DOCUMENTATION_COMMENTS = YES;
				CLANG_WARN_EMPTY_BODY = YES;
				CLANG_WARN_ENUM_CONVERSION = YES;
				CLANG_WARN_INFINITE_RECURSION = YES;
				CLANG_WARN_INT_CONVERSION = YES;
				CLANG_WARN_NON_LITERAL_NULL_CONVERSION = YES;
				CLANG_WARN_OBJC_IMPLICIT_RETAIN_SELF = YES;
				CLANG_WARN_OBJC_LITERAL_CONVERSION = YES;
				CLANG_WARN_OBJC_ROOT_CLASS = YES_ERROR;
				CLANG_WARN_QUOTED_INCLUDE_IN_FRAMEWORK_HEADER = YES;
				CLANG_WARN_RANGE_LOOP_ANALYSIS = YES;
				CLANG_WARN_STRICT_PROTOTYPES = YES;
				CLANG_WARN_SUSPICIOUS_MOVE = YES;
				CLANG_WARN_UNGUARDED_AVAILABILITY = YES_AGGRESSIVE;
				CLANG_WARN_UNREACHABLE_CODE = YES;
				CLANG_WARN__DUPLICATE_METHOD_MATCH = YES;
				COPY_PHASE_STRIP = NO;
				DEBUG_INFORMATION_FORMAT = "dwarf-with-dsym";
				DEVELOPMENT_TEAM = F28BHNZ7D8;
				ENABLE_NS_ASSERTIONS = NO;
				ENABLE_STRICT_OBJC_MSGSEND = YES;
				ENABLE_USER_SCRIPT_SANDBOXING = YES;
				GCC_C_LANGUAGE_STANDARD = gnu17;
				GCC_NO_COMMON_BLOCKS = YES;
				GCC_WARN_64_TO_32_BIT_CONVERSION = YES;
				GCC_WARN_ABOUT_RETURN_TYPE = YES_ERROR;
				GCC_WARN_UNDECLARED_SELECTOR = YES;
				GCC_WARN_UNINITIALIZED_AUTOS = YES_AGGRESSIVE;
				GCC_WARN_UNUSED_FUNCTION = YES;
				GCC_WARN_UNUSED_VARIABLE = YES;
				IPHONEOS_DEPLOYMENT_TARGET = 18.5;
				LOCALIZATION_PREFERS_STRING_CATALOGS = YES;
				MTL_ENABLE_DEBUG_INFO = NO;
				MTL_FAST_MATH = YES;
				SDKROOT = iphoneos;
				SWIFT_COMPILATION_MODE = wholemodule;
				VALIDATE_PRODUCT = YES;
			};
			name = Release;
		};
		F8B3FD7C2E24109600870BF7 /* Debug */ = {
			isa = XCBuildConfiguration;
			buildSettings = {
				ASSETCATALOG_COMPILER_APPICON_NAME = AppIcon;
				ASSETCATALOG_COMPILER_GLOBAL_ACCENT_COLOR_NAME = AccentColor;
				CODE_SIGN_STYLE = Automatic;
				CURRENT_PROJECT_VERSION = 1;
				DEVELOPMENT_TEAM = F28BHNZ7D8;
				ENABLE_PREVIEWS = YES;
				GENERATE_INFOPLIST_FILE = YES;
				INFOPLIST_KEY_UIApplicationSceneManifest_Generation = YES;
				INFOPLIST_KEY_UIApplicationSupportsIndirectInputEvents = YES;
				INFOPLIST_KEY_UILaunchScreen_Generation = YES;
				INFOPLIST_KEY_UISupportedInterfaceOrientations_iPad = "UIInterfaceOrientationPortrait UIInterfaceOrientationPortraitUpsideDown UIInterfaceOrientationLandscapeLeft UIInterfaceOrientationLandscapeRight";
				INFOPLIST_KEY_UISupportedInterfaceOrientations_iPhone = "UIInterfaceOrientationPortrait UIInterfaceOrientationLandscapeLeft UIInterfaceOrientationLandscapeRight";
				LD_RUNPATH_SEARCH_PATHS = (
					"$(inherited)",
					"@executable_path/Frameworks",
				);
				MARKETING_VERSION = 1.0;
				PRODUCT_BUNDLE_IDENTIFIER = "Korbin.expense-tracker-mobile";
				PRODUCT_NAME = "$(TARGET_NAME)";
				SWIFT_EMIT_LOC_STRINGS = YES;
				SWIFT_VERSION = 5.0;
				TARGETED_DEVICE_FAMILY = "1,2";
			};
			name = Debug;
		};
		F8B3FD7D2E24109600870BF7 /* Release */ = {
			isa = XCBuildConfiguration;
			buildSettings = {
				ASSETCATALOG_COMPILER_APPICON_NAME = AppIcon;
				ASSETCATALOG_COMPILER_GLOBAL_ACCENT_COLOR_NAME = AccentColor;
				CODE_SIGN_STYLE = Automatic;
				CURRENT_PROJECT_VERSION = 1;
				DEVELOPMENT_TEAM = F28BHNZ7D8;
				ENABLE_PREVIEWS = YES;
				GENERATE_INFOPLIST_FILE = YES;
				INFOPLIST_KEY_UIApplicationSceneManifest_Generation = YES;
				INFOPLIST_KEY_UIApplicationSupportsIndirectInputEvents = YES;
				INFOPLIST_KEY_UILaunchScreen_Generation = YES;
				INFOPLIST_KEY_UISupportedInterfaceOrientations_iPad = "UIInterfaceOrientationPortrait UIInterfaceOrientationPortraitUpsideDown UIInterfaceOrientationLandscapeLeft UIInterfaceOrientationLandscapeRight";
				INFOPLIST_KEY_UISupportedInterfaceOrientations_iPhone = "UIInterfaceOrientationPortrait UIInterfaceOrientationLandscapeLeft UIInterfaceOrientationLandscapeRight";
				LD_RUNPATH_SEARCH_PATHS = (
					"$(inherited)",
					"@executable_path/Frameworks",
				);
				MARKETING_VERSION = 1.0;
				PRODUCT_BUNDLE_IDENTIFIER = "Korbin.expense-tracker-mobile";
				PRODUCT_NAME = "$(TARGET_NAME)";
				SWIFT_EMIT_LOC_STRINGS = YES;
				SWIFT_VERSION = 5.0;
				TARGETED_DEVICE_FAMILY = "1,2";
			};
			name = Release;
		};
		F8B3FD7F2E24109600870BF7 /* Debug */ = {
			isa = XCBuildConfiguration;
			buildSettings = {
				BUNDLE_LOADER = "$(TEST_HOST)";
				CODE_SIGN_STYLE = Automatic;
				CURRENT_PROJECT_VERSION = 1;
				DEVELOPMENT_TEAM = F28BHNZ7D8;
				GENERATE_INFOPLIST_FILE = YES;
				IPHONEOS_DEPLOYMENT_TARGET = 18.5;
				MARKETING_VERSION = 1.0;
				PRODUCT_BUNDLE_IDENTIFIER = "Korbin.expense-tracker-mobileTests";
				PRODUCT_NAME = "$(TARGET_NAME)";
				SWIFT_EMIT_LOC_STRINGS = NO;
				SWIFT_VERSION = 5.0;
				TARGETED_DEVICE_FAMILY = "1,2";
				TEST_HOST = "$(BUILT_PRODUCTS_DIR)/expense-tracker-mobile.app/$(BUNDLE_EXECUTABLE_FOLDER_PATH)/expense-tracker-mobile";
			};
			name = Debug;
		};
		F8B3FD802E24109600870BF7 /* Release */ = {
			isa = XCBuildConfiguration;
			buildSettings = {
				BUNDLE_LOADER = "$(TEST_HOST)";
				CODE_SIGN_STYLE = Automatic;
				CURRENT_PROJECT_VERSION = 1;
				DEVELOPMENT_TEAM = F28BHNZ7D8;
				GENERATE_INFOPLIST_FILE = YES;
				IPHONEOS_DEPLOYMENT_TARGET = 18.5;
				MARKETING_VERSION = 1.0;
				PRODUCT_BUNDLE_IDENTIFIER = "Korbin.expense-tracker-mobileTests";
				PRODUCT_NAME = "$(TARGET_NAME)";
				SWIFT_EMIT_LOC_STRINGS = NO;
				SWIFT_VERSION = 5.0;
				TARGETED_DEVICE_FAMILY = "1,2";
				TEST_HOST = "$(BUILT_PRODUCTS_DIR)/expense-tracker-mobile.app/$(BUNDLE_EXECUTABLE_FOLDER_PATH)/expense-tracker-mobile";
			};
			name = Release;
		};
		F8B3FD822E24109600870BF7 /* Debug */ = {
			isa = XCBuildConfiguration;
			buildSettings = {
				CODE_SIGN_STYLE = Automatic;
				CURRENT_PROJECT_VERSION = 1;
				DEVELOPMENT_TEAM = F28BHNZ7D8;
				GENERATE_INFOPLIST_FILE = YES;
				MARKETING_VERSION = 1.0;
				PRODUCT_BUNDLE_IDENTIFIER = "Korbin.expense-tracker-mobileUITests";
				PRODUCT_NAME = "$(TARGET_NAME)";
				SWIFT_EMIT_LOC_STRINGS = NO;
				SWIFT_VERSION = 5.0;
				TARGETED_DEVICE_FAMILY = "1,2";
				TEST_TARGET_NAME = "expense-tracker-mobile";
			};
			name = Debug;
		};
		F8B3FD832E24109600870BF7 /* Release */ = {
			isa = XCBuildConfiguration;
			buildSettings = {
				CODE_SIGN_STYLE = Automatic;
				CURRENT_PROJECT_VERSION = 1;
				DEVELOPMENT_TEAM = F28BHNZ7D8;
				GENERATE_INFOPLIST_FILE = YES;
				MARKETING_VERSION = 1.0;
				PRODUCT_BUNDLE_IDENTIFIER = "Korbin.expense-tracker-mobileUITests";
				PRODUCT_NAME = "$(TARGET_NAME)";
				SWIFT_EMIT_LOC_STRINGS = NO;
				SWIFT_VERSION = 5.0;
				TARGETED_DEVICE_FAMILY = "1,2";
				TEST_TARGET_NAME = "expense-tracker-mobile";
			};
			name = Release;
		};
/* End XCBuildConfiguration section */

/* Begin XCConfigurationList section */
		F8B3FD552E24109500870BF7 /* Build configuration list for PBXProject "expense-tracker-mobile" */ = {
			isa = XCConfigurationList;
			buildConfigurations = (
				F8B3FD792E24109600870BF7 /* Debug */,
				F8B3FD7A2E24109600870BF7 /* Release */,
			);
			defaultConfigurationIsVisible = 0;
			defaultConfigurationName = Release;
		};
		F8B3FD7B2E24109600870BF7 /* Build configuration list for PBXNativeTarget "expense-tracker-mobile" */ = {
			isa = XCConfigurationList;
			buildConfigurations = (
				F8B3FD7C2E24109600870BF7 /* Debug */,
				F8B3FD7D2E24109600870BF7 /* Release */,
			);
			defaultConfigurationIsVisible = 0;
			defaultConfigurationName = Release;
		};
		F8B3FD7E2E24109600870BF7 /* Build configuration list for PBXNativeTarget "expense-tracker-mobileTests" */ = {
			isa = XCConfigurationList;
			buildConfigurations = (
				F8B3FD7F2E24109600870BF7 /* Debug */,
				F8B3FD802E24109600870BF7 /* Release */,
			);
			defaultConfigurationIsVisible = 0;
			defaultConfigurationName = Release;
		};
		F8B3FD812E24109600870BF7 /* Build configuration list for PBXNativeTarget "expense-tracker-mobileUITests" */ = {
			isa = XCConfigurationList;
			buildConfigurations = (
				F8B3FD822E24109600870BF7 /* Debug */,
				F8B3FD832E24109600870BF7 /* Release */,
			);
			defaultConfigurationIsVisible = 0;
			defaultConfigurationName = Release;
		};
/* End XCConfigurationList section */

/* Begin XCRemoteSwiftPackageReference section */
		F8247C492E52A69A00111D4F /* XCRemoteSwiftPackageReference "Auth0" */ = {
			isa = XCRemoteSwiftPackageReference;
			repositoryURL = "https://github.com/auth0/Auth0.swift";
			requirement = {
				kind = upToNextMajorVersion;
				minimumVersion = 2.14.0;
			};
		};
/* End XCRemoteSwiftPackageReference section */
	};
	rootObject = F8B3FD522E24109500870BF7 /* Project object */;
}
